
Microsoft Visual Studio Solution File, Format Version 12.00
# Visual Studio Version 17
VisualStudioVersion = 17.2.32630.192
MinimumVisualStudioVersion = 10.0.40219.1
Project("{9A19103F-16F7-4668-BE54-9A1E7A4F7556}") = "Wissance.Zerial.Desktop", "Wissance.Zerial.Desktop\Wissance.Zerial.Desktop.csproj", "{0BD3C009-1C54-48A3-A1ED-A9722306E4B1}"
EndProject
Project("{9A19103F-16F7-4668-BE54-9A1E7A4F7556}") = "Wissance.Zerial.Common", "Wissance.Zerial.Common\Wissance.Zerial.Common.csproj", "{7D078E35-1775-458B-A943-9EA4F8250159}"
EndProject
Global
	GlobalSection(SolutionConfigurationPlatforms) = preSolution
		Debug|Any CPU = Debug|Any CPU
		Debug|ARM64 = Debug|ARM64
		Debug|x64 = Debug|x64
		Debug|x86 = Debug|x86
		Release|Any CPU = Release|Any CPU
		Release|ARM64 = Release|ARM64
		Release|x64 = Release|x64
		Release|x86 = Release|x86
	EndGlobalSection
	GlobalSection(ProjectConfigurationPlatforms) = postSolution
		{0BD3C009-1C54-48A3-A1ED-A9722306E4B1}.Debug|Any CPU.ActiveCfg = Debug|Any CPU
		{0BD3C009-1C54-48A3-A1ED-A9722306E4B1}.Debug|Any CPU.Build.0 = Debug|Any CPU
		{0BD3C009-1C54-48A3-A1ED-A9722306E4B1}.Debug|ARM64.ActiveCfg = Debug|Any CPU
		{0BD3C009-1C54-48A3-A1ED-A9722306E4B1}.Debug|ARM64.Build.0 = Debug|Any CPU
		{0BD3C009-1C54-48A3-A1ED-A9722306E4B1}.Debug|x64.ActiveCfg = Debug|Any CPU
		{0BD3C009-1C54-48A3-A1ED-A9722306E4B1}.Debug|x64.Build.0 = Debug|Any CPU
		{0BD3C009-1C54-48A3-A1ED-A9722306E4B1}.Debug|x86.ActiveCfg = Debug|Any CPU
		{0BD3C009-1C54-48A3-A1ED-A9722306E4B1}.Debug|x86.Build.0 = Debug|Any CPU
		{0BD3C009-1C54-48A3-A1ED-A9722306E4B1}.Release|Any CPU.ActiveCfg = Release|Any CPU
		{0BD3C009-1C54-48A3-A1ED-A9722306E4B1}.Release|Any CPU.Build.0 = Release|Any CPU
		{0BD3C009-1C54-48A3-A1ED-A9722306E4B1}.Release|ARM64.ActiveCfg = Release|Any CPU
		{0BD3C009-1C54-48A3-A1ED-A9722306E4B1}.Release|ARM64.Build.0 = Release|Any CPU
		{0BD3C009-1C54-48A3-A1ED-A9722306E4B1}.Release|x64.ActiveCfg = Release|Any CPU
		{0BD3C009-1C54-48A3-A1ED-A9722306E4B1}.Release|x64.Build.0 = Release|Any CPU
		{0BD3C009-1C54-48A3-A1ED-A9722306E4B1}.Release|x86.ActiveCfg = Release|Any CPU
		{0BD3C009-1C54-48A3-A1ED-A9722306E4B1}.Release|x86.Build.0 = Release|Any CPU
		{7D078E35-1775-458B-A943-9EA4F8250159}.Debug|Any CPU.ActiveCfg = Debug|Any CPU
		{7D078E35-1775-458B-A943-9EA4F8250159}.Debug|Any CPU.Build.0 = Debug|Any CPU
		{7D078E35-1775-458B-A943-9EA4F8250159}.Debug|ARM64.ActiveCfg = Debug|Any CPU
		{7D078E35-1775-458B-A943-9EA4F8250159}.Debug|ARM64.Build.0 = Debug|Any CPU
		{7D078E35-1775-458B-A943-9EA4F8250159}.Debug|x64.ActiveCfg = Debug|Any CPU
		{7D078E35-1775-458B-A943-9EA4F8250159}.Debug|x64.Build.0 = Debug|Any CPU
		{7D078E35-1775-458B-A943-9EA4F8250159}.Debug|x86.ActiveCfg = Debug|Any CPU
		{7D078E35-1775-458B-A943-9EA4F8250159}.Debug|x86.Build.0 = Debug|Any CPU
		{7D078E35-1775-458B-A943-9EA4F8250159}.Release|Any CPU.ActiveCfg = Release|Any CPU
		{7D078E35-1775-458B-A943-9EA4F8250159}.Release|Any CPU.Build.0 = Release|Any CPU
		{7D078E35-1775-458B-A943-9EA4F8250159}.Release|ARM64.ActiveCfg = Release|Any CPU
		{7D078E35-1775-458B-A943-9EA4F8250159}.Release|ARM64.Build.0 = Release|Any CPU
		{7D078E35-1775-458B-A943-9EA4F8250159}.Release|x64.ActiveCfg = Release|Any CPU
		{7D078E35-1775-458B-A943-9EA4F8250159}.Release|x64.Build.0 = Release|Any CPU
		{7D078E35-1775-458B-A943-9EA4F8250159}.Release|x86.ActiveCfg = Release|Any CPU
		{7D078E35-1775-458B-A943-9EA4F8250159}.Release|x86.Build.0 = Release|Any CPU
	EndGlobalSection
	GlobalSection(SolutionProperties) = preSolution
		HideSolutionNode = FALSE
	EndGlobalSection
	GlobalSection(ExtensibilityGlobals) = postSolution
		SolutionGuid = {0FF0C73C-9101-498A-B502-D103919D5EB3}
	EndGlobalSection
EndGlobal
